
Microsoft Visual Studio Solution File, Format Version 12.00
# Visual Studio Version 17
VisualStudioVersion = 17.8.34330.188
MinimumVisualStudioVersion = 10.0.40219.1
Project("{FAE04EC0-301F-11D3-BF4B-00C04F79EFBC}") = "MiniStore", "MiniStore\MiniStore.csproj", "{AC1ECCC5-806C-46CF-BEBB-B8A802968A71}"
EndProject
Global
	GlobalSection(SolutionConfigurationPlatforms) = preSolution
		Debug|Any CPU = Debug|Any CPU
		Release|Any CPU = Release|Any CPU
	EndGlobalSection
	GlobalSection(ProjectConfigurationPlatforms) = postSolution
		{AC1ECCC5-806C-46CF-BEBB-B8A802968A71}.Debug|Any CPU.ActiveCfg = Debug|Any CPU
		{AC1ECCC5-806C-46CF-BEBB-B8A802968A71}.Debug|Any CPU.Build.0 = Debug|Any CPU
		{AC1ECCC5-806C-46CF-BEBB-B8A802968A71}.Release|Any CPU.ActiveCfg = Release|Any CPU
		{AC1ECCC5-806C-46CF-BEBB-B8A802968A71}.Release|Any CPU.Build.0 = Release|Any CPU
	EndGlobalSection
	GlobalSection(SolutionProperties) = preSolution
		HideSolutionNode = FALSE
	EndGlobalSection
	GlobalSection(ExtensibilityGlobals) = postSolution
		SolutionGuid = {7B21951E-B9BF-4FB1-925C-0EE8C0D6630E}
	EndGlobalSection
EndGlobal
